
Microsoft Visual Studio Solution File, Format Version 12.00
# Visual Studio Version 17
VisualStudioVersion = 17.8.34511.84
MinimumVisualStudioVersion = 10.0.40219.1
Project("{9A19103F-16F7-4668-BE54-9A1E7A4F7556}") = "ADOBackupPR2024", "ADOBackupPR2024\ADOBackupPR2024.csproj", "{5ECA52F3-4BDA-4C32-AC94-DEC7D470CC7D}"
EndProject
Project("{FAE04EC0-301F-11D3-BF4B-00C04F79EFBC}") = "CoreOPerations", "ADOOPerations\CoreOPerations.csproj", "{C24AD142-D80B-478C-85C9-443D02D0FD03}"
EndProject
Project("{FAE04EC0-301F-11D3-BF4B-00C04F79EFBC}") = "ADODomainModels", "ADODomainModels\ADODomainModels.csproj", "{87429DF1-6AEF-435C-AF6B-39CFF021B41A}"
EndProject
Global
	GlobalSection(SolutionConfigurationPlatforms) = preSolution
		Debug|Any CPU = Debug|Any CPU
		Release|Any CPU = Release|Any CPU
	EndGlobalSection
	GlobalSection(ProjectConfigurationPlatforms) = postSolution
		{5ECA52F3-4BDA-4C32-AC94-DEC7D470CC7D}.Debug|Any CPU.ActiveCfg = Debug|Any CPU
		{5ECA52F3-4BDA-4C32-AC94-DEC7D470CC7D}.Debug|Any CPU.Build.0 = Debug|Any CPU
		{5ECA52F3-4BDA-4C32-AC94-DEC7D470CC7D}.Release|Any CPU.ActiveCfg = Release|Any CPU
		{5ECA52F3-4BDA-4C32-AC94-DEC7D470CC7D}.Release|Any CPU.Build.0 = Release|Any CPU
		{C24AD142-D80B-478C-85C9-443D02D0FD03}.Debug|Any CPU.ActiveCfg = Debug|Any CPU
		{C24AD142-D80B-478C-85C9-443D02D0FD03}.Debug|Any CPU.Build.0 = Debug|Any CPU
		{C24AD142-D80B-478C-85C9-443D02D0FD03}.Release|Any CPU.ActiveCfg = Release|Any CPU
		{C24AD142-D80B-478C-85C9-443D02D0FD03}.Release|Any CPU.Build.0 = Release|Any CPU
		{87429DF1-6AEF-435C-AF6B-39CFF021B41A}.Debug|Any CPU.ActiveCfg = Debug|Any CPU
		{87429DF1-6AEF-435C-AF6B-39CFF021B41A}.Debug|Any CPU.Build.0 = Debug|Any CPU
		{87429DF1-6AEF-435C-AF6B-39CFF021B41A}.Release|Any CPU.ActiveCfg = Release|Any CPU
		{87429DF1-6AEF-435C-AF6B-39CFF021B41A}.Release|Any CPU.Build.0 = Release|Any CPU
	EndGlobalSection
	GlobalSection(SolutionProperties) = preSolution
		HideSolutionNode = FALSE
	EndGlobalSection
	GlobalSection(ExtensibilityGlobals) = postSolution
		SolutionGuid = {6F053BCD-38D1-45C0-9E07-8F4E6B8E4981}
	EndGlobalSection
EndGlobal
